// !$*UTF8*$!
{
	archiveVersion = 1;
	classes = {
	};
	objectVersion = 46;
	objects = {

/* Begin PBXBuildFile section */
		CD12CA0F1AAEA5250039B27D /* AppDelegate.swift in Sources */ = {isa = PBXBuildFile; fileRef = CD12CA0E1AAEA5250039B27D /* AppDelegate.swift */; };
		CD12CA111AAEA5250039B27D /* ViewController.swift in Sources */ = {isa = PBXBuildFile; fileRef = CD12CA101AAEA5250039B27D /* ViewController.swift */; };
		CD12CA141AAEA5250039B27D /* Main.storyboard in Resources */ = {isa = PBXBuildFile; fileRef = CD12CA121AAEA5250039B27D /* Main.storyboard */; };
		CD12CA161AAEA5250039B27D /* Images.xcassets in Resources */ = {isa = PBXBuildFile; fileRef = CD12CA151AAEA5250039B27D /* Images.xcassets */; };
		CD12CA191AAEA5250039B27D /* LaunchScreen.xib in Resources */ = {isa = PBXBuildFile; fileRef = CD12CA171AAEA5250039B27D /* LaunchScreen.xib */; };
		CD12CA251AAEA5250039B27D /* PigeonTests.swift in Sources */ = {isa = PBXBuildFile; fileRef = CD12CA241AAEA5250039B27D /* PigeonTests.swift */; };
/* End PBXBuildFile section */

/* Begin PBXContainerItemProxy section */
		CD12CA1F1AAEA5250039B27D /* PBXContainerItemProxy */ = {
			isa = PBXContainerItemProxy;
			containerPortal = CD12CA011AAEA5250039B27D /* Project object */;
			proxyType = 1;
			remoteGlobalIDString = CD12CA081AAEA5250039B27D;
			remoteInfo = Pigeon;
		};
/* End PBXContainerItemProxy section */

/* Begin PBXFileReference section */
		CD12CA091AAEA5250039B27D /* Pigeon.app */ = {isa = PBXFileReference; explicitFileType = wrapper.application; includeInIndex = 0; path = Pigeon.app; sourceTree = BUILT_PRODUCTS_DIR; };
		CD12CA0D1AAEA5250039B27D /* Info.plist */ = {isa = PBXFileReference; lastKnownFileType = text.plist.xml; path = Info.plist; sourceTree = "<group>"; };
		CD12CA0E1AAEA5250039B27D /* AppDelegate.swift */ = {isa = PBXFileReference; lastKnownFileType = sourcecode.swift; path = AppDelegate.swift; sourceTree = "<group>"; };
		CD12CA101AAEA5250039B27D /* ViewController.swift */ = {isa = PBXFileReference; lastKnownFileType = sourcecode.swift; path = ViewController.swift; sourceTree = "<group>"; };
		CD12CA131AAEA5250039B27D /* Base */ = {isa = PBXFileReference; lastKnownFileType = file.storyboard; name = Base; path = Base.lproj/Main.storyboard; sourceTree = "<group>"; };
		CD12CA151AAEA5250039B27D /* Images.xcassets */ = {isa = PBXFileReference; lastKnownFileType = folder.assetcatalog; path = Images.xcassets; sourceTree = "<group>"; };
		CD12CA181AAEA5250039B27D /* Base */ = {isa = PBXFileReference; lastKnownFileType = file.xib; name = Base; path = Base.lproj/LaunchScreen.xib; sourceTree = "<group>"; };
		CD12CA1E1AAEA5250039B27D /* PigeonTests.xctest */ = {isa = PBXFileReference; explicitFileType = wrapper.cfbundle; includeInIndex = 0; path = PigeonTests.xctest; sourceTree = BUILT_PRODUCTS_DIR; };
		CD12CA231AAEA5250039B27D /* Info.plist */ = {isa = PBXFileReference; lastKnownFileType = text.plist.xml; path = Info.plist; sourceTree = "<group>"; };
		CD12CA241AAEA5250039B27D /* PigeonTests.swift */ = {isa = PBXFileReference; lastKnownFileType = sourcecode.swift; path = PigeonTests.swift; sourceTree = "<group>"; };
/* End PBXFileReference section */

/* Begin PBXFrameworksBuildPhase section */
		CD12CA061AAEA5250039B27D /* Frameworks */ = {
			isa = PBXFrameworksBuildPhase;
			buildActionMask = 2147483647;
			files = (
			);
			runOnlyForDeploymentPostprocessing = 0;
		};
		CD12CA1B1AAEA5250039B27D /* Frameworks */ = {
			isa = PBXFrameworksBuildPhase;
			buildActionMask = 2147483647;
			files = (
			);
			runOnlyForDeploymentPostprocessing = 0;
		};
/* End PBXFrameworksBuildPhase section */

/* Begin PBXGroup section */
		CD12CA001AAEA5250039B27D = {
			isa = PBXGroup;
			children = (
				CD12CA0B1AAEA5250039B27D /* Pigeon */,
				CD12CA211AAEA5250039B27D /* PigeonTests */,
				CD12CA0A1AAEA5250039B27D /* Products */,
			);
			sourceTree = "<group>";
		};
		CD12CA0A1AAEA5250039B27D /* Products */ = {
			isa = PBXGroup;
			children = (
				CD12CA091AAEA5250039B27D /* Pigeon.app */,
				CD12CA1E1AAEA5250039B27D /* PigeonTests.xctest */,
			);
			name = Products;
			sourceTree = "<group>";
		};
		CD12CA0B1AAEA5250039B27D /* Pigeon */ = {
			isa = PBXGroup;
			children = (
				CD12CA0E1AAEA5250039B27D /* AppDelegate.swift */,
				CD12CA101AAEA5250039B27D /* ViewController.swift */,
				CD12CA121AAEA5250039B27D /* Main.storyboard */,
				CD12CA151AAEA5250039B27D /* Images.xcassets */,
				CD12CA171AAEA5250039B27D /* LaunchScreen.xib */,
				CD12CA0C1AAEA5250039B27D /* Supporting Files */,
			);
			path = Pigeon;
			sourceTree = "<group>";
		};
		CD12CA0C1AAEA5250039B27D /* Supporting Files */ = {
			isa = PBXGroup;
			children = (
				CD12CA0D1AAEA5250039B27D /* Info.plist */,
			);
			name = "Supporting Files";
			sourceTree = "<group>";
		};
		CD12CA211AAEA5250039B27D /* PigeonTests */ = {
			isa = PBXGroup;
			children = (
				CD12CA241AAEA5250039B27D /* PigeonTests.swift */,
				CD12CA221AAEA5250039B27D /* Supporting Files */,
			);
			path = PigeonTests;
			sourceTree = "<group>";
		};
		CD12CA221AAEA5250039B27D /* Supporting Files */ = {
			isa = PBXGroup;
			children = (
				CD12CA231AAEA5250039B27D /* Info.plist */,
			);
			name = "Supporting Files";
			sourceTree = "<group>";
		};
/* End PBXGroup section */

/* Begin PBXNativeTarget section */
		CD12CA081AAEA5250039B27D /* Pigeon */ = {
			isa = PBXNativeTarget;
			buildConfigurationList = CD12CA281AAEA5250039B27D /* Build configuration list for PBXNativeTarget "Pigeon" */;
			buildPhases = (
				CD12CA051AAEA5250039B27D /* Sources */,
				CD12CA061AAEA5250039B27D /* Frameworks */,
				CD12CA071AAEA5250039B27D /* Resources */,
			);
			buildRules = (
			);
			dependencies = (
			);
			name = Pigeon;
			productName = Pigeon;
			productReference = CD12CA091AAEA5250039B27D /* Pigeon.app */;
			productType = "com.apple.product-type.application";
		};
		CD12CA1D1AAEA5250039B27D /* PigeonTests */ = {
			isa = PBXNativeTarget;
			buildConfigurationList = CD12CA2B1AAEA5250039B27D /* Build configuration list for PBXNativeTarget "PigeonTests" */;
			buildPhases = (
				CD12CA1A1AAEA5250039B27D /* Sources */,
				CD12CA1B1AAEA5250039B27D /* Frameworks */,
				CD12CA1C1AAEA5250039B27D /* Resources */,
			);
			buildRules = (
			);
			dependencies = (
				CD12CA201AAEA5250039B27D /* PBXTargetDependency */,
			);
			name = PigeonTests;
			productName = PigeonTests;
			productReference = CD12CA1E1AAEA5250039B27D /* PigeonTests.xctest */;
			productType = "com.apple.product-type.bundle.unit-test";
		};
/* End PBXNativeTarget section */

/* Begin PBXProject section */
		CD12CA011AAEA5250039B27D /* Project object */ = {
			isa = PBXProject;
			attributes = {
				LastUpgradeCheck = 0610;
				ORGANIZATIONNAME = "Kyungmin Kim";
				TargetAttributes = {
					CD12CA081AAEA5250039B27D = {
						CreatedOnToolsVersion = 6.1.1;
					};
					CD12CA1D1AAEA5250039B27D = {
						CreatedOnToolsVersion = 6.1.1;
						TestTargetID = CD12CA081AAEA5250039B27D;
					};
				};
			};
			buildConfigurationList = CD12CA041AAEA5250039B27D /* Build configuration list for PBXProject "Pigeon" */;
			compatibilityVersion = "Xcode 3.2";
			developmentRegion = English;
			hasScannedForEncodings = 0;
			knownRegions = (
				en,
				Base,
			);
			mainGroup = CD12CA001AAEA5250039B27D;
			productRefGroup = CD12CA0A1AAEA5250039B27D /* Products */;
			projectDirPath = "";
			projectRoot = "";
			targets = (
				CD12CA081AAEA5250039B27D /* Pigeon */,
				CD12CA1D1AAEA5250039B27D /* PigeonTests */,
			);
		};
/* End PBXProject section */

/* Begin PBXResourcesBuildPhase section */
		CD12CA071AAEA5250039B27D /* Resources */ = {
			isa = PBXResourcesBuildPhase;
			buildActionMask = 2147483647;
			files = (
				CD12CA141AAEA5250039B27D /* Main.storyboard in Resources */,
				CD12CA191AAEA5250039B27D /* LaunchScreen.xib in Resources */,
				CD12CA161AAEA5250039B27D /* Images.xcassets in Resources */,
			);
			runOnlyForDeploymentPostprocessing = 0;
		};
		CD12CA1C1AAEA5250039B27D /* Resources */ = {
			isa = PBXResourcesBuildPhase;
			buildActionMask = 2147483647;
			files = (
			);
			runOnlyForDeploymentPostprocessing = 0;
		};
/* End PBXResourcesBuildPhase section */

/* Begin PBXSourcesBuildPhase section */
		CD12CA051AAEA5250039B27D /* Sources */ = {
			isa = PBXSourcesBuildPhase;
			buildActionMask = 2147483647;
			files = (
				CD12CA111AAEA5250039B27D /* ViewController.swift in Sources */,
				CD12CA0F1AAEA5250039B27D /* AppDelegate.swift in Sources */,
			);
			runOnlyForDeploymentPostprocessing = 0;
		};
		CD12CA1A1AAEA5250039B27D /* Sources */ = {
			isa = PBXSourcesBuildPhase;
			buildActionMask = 2147483647;
			files = (
				CD12CA251AAEA5250039B27D /* PigeonTests.swift in Sources */,
			);
			runOnlyForDeploymentPostprocessing = 0;
		};
/* End PBXSourcesBuildPhase section */

/* Begin PBXTargetDependency section */
		CD12CA201AAEA5250039B27D /* PBXTargetDependency */ = {
			isa = PBXTargetDependency;
			target = CD12CA081AAEA5250039B27D /* Pigeon */;
			targetProxy = CD12CA1F1AAEA5250039B27D /* PBXContainerItemProxy */;
		};
/* End PBXTargetDependency section */

/* Begin PBXVariantGroup section */
		CD12CA121AAEA5250039B27D /* Main.storyboard */ = {
			isa = PBXVariantGroup;
			children = (
				CD12CA131AAEA5250039B27D /* Base */,
			);
			name = Main.storyboard;
			sourceTree = "<group>";
		};
		CD12CA171AAEA5250039B27D /* LaunchScreen.xib */ = {
			isa = PBXVariantGroup;
			children = (
				CD12CA181AAEA5250039B27D /* Base */,
			);
			name = LaunchScreen.xib;
			sourceTree = "<group>";
		};
/* End PBXVariantGroup section */

/* Begin XCBuildConfiguration section */
		CD12CA261AAEA5250039B27D /* Debug */ = {
			isa = XCBuildConfiguration;
			buildSettings = {
				ALWAYS_SEARCH_USER_PATHS = NO;
				CLANG_CXX_LANGUAGE_STANDARD = "gnu++0x";
				CLANG_CXX_LIBRARY = "libc++";
				CLANG_ENABLE_MODULES = YES;
				CLANG_ENABLE_OBJC_ARC = YES;
				CLANG_WARN_BOOL_CONVERSION = YES;
				CLANG_WARN_CONSTANT_CONVERSION = YES;
				CLANG_WARN_DIRECT_OBJC_ISA_USAGE = YES_ERROR;
				CLANG_WARN_EMPTY_BODY = YES;
				CLANG_WARN_ENUM_CONVERSION = YES;
				CLANG_WARN_INT_CONVERSION = YES;
				CLANG_WARN_OBJC_ROOT_CLASS = YES_ERROR;
				CLANG_WARN_UNREACHABLE_CODE = YES;
				CLANG_WARN__DUPLICATE_METHOD_MATCH = YES;
				"CODE_SIGN_IDENTITY[sdk=iphoneos*]" = "iPhone Developer";
				COPY_PHASE_STRIP = NO;
				ENABLE_STRICT_OBJC_MSGSEND = YES;
				GCC_C_LANGUAGE_STANDARD = gnu99;
				GCC_DYNAMIC_NO_PIC = NO;
				GCC_OPTIMIZATION_LEVEL = 0;
				GCC_PREPROCESSOR_DEFINITIONS = (
					"DEBUG=1",
					"$(inherited)",
				);
				GCC_SYMBOLS_PRIVATE_EXTERN = NO;
				GCC_WARN_64_TO_32_BIT_CONVERSION = YES;
				GCC_WARN_ABOUT_RETURN_TYPE = YES_ERROR;
				GCC_WARN_UNDECLARED_SELECTOR = YES;
				GCC_WARN_UNINITIALIZED_AUTOS = YES_AGGRESSIVE;
				GCC_WARN_UNUSED_FUNCTION = YES;
				GCC_WARN_UNUSED_VARIABLE = YES;
				IPHONEOS_DEPLOYMENT_TARGET = 8.1;
				MTL_ENABLE_DEBUG_INFO = YES;
				ONLY_ACTIVE_ARCH = YES;
				SDKROOT = iphoneos;
				SWIFT_OPTIMIZATION_LEVEL = "-Onone";
			};
			name = Debug;
		};
		CD12CA271AAEA5250039B27D /* Release */ = {
			isa = XCBuildConfiguration;
			buildSettings = {
				ALWAYS_SEARCH_USER_PATHS = NO;
				CLANG_CXX_LANGUAGE_STANDARD = "gnu++0x";
				CLANG_CXX_LIBRARY = "libc++";
				CLANG_ENABLE_MODULES = YES;
				CLANG_ENABLE_OBJC_ARC = YES;
				CLANG_WARN_BOOL_CONVERSION = YES;
				CLANG_WARN_CONSTANT_CONVERSION = YES;
				CLANG_WARN_DIRECT_OBJC_ISA_USAGE = YES_ERROR;
				CLANG_WARN_EMPTY_BODY = YES;
				CLANG_WARN_ENUM_CONVERSION = YES;
				CLANG_WARN_INT_CONVERSION = YES;
				CLANG_WARN_OBJC_ROOT_CLASS = YES_ERROR;
				CLANG_WARN_UNREACHABLE_CODE = YES;
				CLANG_WARN__DUPLICATE_METHOD_MATCH = YES;
				"CODE_SIGN_IDENTITY[sdk=iphoneos*]" = "iPhone Developer";
				COPY_PHASE_STRIP = YES;
				ENABLE_NS_ASSERTIONS = NO;
				ENABLE_STRICT_OBJC_MSGSEND = YES;
				GCC_C_LANGUAGE_STANDARD = gnu99;
				GCC_WARN_64_TO_32_BIT_CONVERSION = YES;
				GCC_WARN_ABOUT_RETURN_TYPE = YES_ERROR;
				GCC_WARN_UNDECLARED_SELECTOR = YES;
				GCC_WARN_UNINITIALIZED_AUTOS = YES_AGGRESSIVE;
				GCC_WARN_UNUSED_FUNCTION = YES;
				GCC_WARN_UNUSED_VARIABLE = YES;
				IPHONEOS_DEPLOYMENT_TARGET = 8.1;
				MTL_ENABLE_DEBUG_INFO = NO;
				SDKROOT = iphoneos;
				VALIDATE_PRODUCT = YES;
			};
			name = Release;
		};
		CD12CA291AAEA5250039B27D /* Debug */ = {
			isa = XCBuildConfiguration;
			buildSettings = {
				ASSETCATALOG_COMPILER_APPICON_NAME = AppIcon;
				INFOPLIST_FILE = Pigeon/Info.plist;
				LD_RUNPATH_SEARCH_PATHS = "$(inherited) @executable_path/Frameworks";
				PRODUCT_NAME = "$(TARGET_NAME)";
			};
			name = Debug;
		};
		CD12CA2A1AAEA5250039B27D /* Release */ = {
			isa = XCBuildConfiguration;
			buildSettings = {
				ASSETCATALOG_COMPILER_APPICON_NAME = AppIcon;
				INFOPLIST_FILE = Pigeon/Info.plist;
				LD_RUNPATH_SEARCH_PATHS = "$(inherited) @executable_path/Frameworks";
				PRODUCT_NAME = "$(TARGET_NAME)";
			};
			name = Release;
		};
		CD12CA2C1AAEA5250039B27D /* Debug */ = {
			isa = XCBuildConfiguration;
			buildSettings = {
				BUNDLE_LOADER = "$(TEST_HOST)";
				FRAMEWORK_SEARCH_PATHS = (
					"$(SDKROOT)/Developer/Library/Frameworks",
					"$(inherited)",
				);
				GCC_PREPROCESSOR_DEFINITIONS = (
					"DEBUG=1",
					"$(inherited)",
				);
				INFOPLIST_FILE = PigeonTests/Info.plist;
				LD_RUNPATH_SEARCH_PATHS = "$(inherited) @executable_path/Frameworks @loader_path/Frameworks";
				PRODUCT_NAME = "$(TARGET_NAME)";
				TEST_HOST = "$(BUILT_PRODUCTS_DIR)/Pigeon.app/Pigeon";
			};
			name = Debug;
		};
		CD12CA2D1AAEA5250039B27D /* Release */ = {
			isa = XCBuildConfiguration;
			buildSettings = {
				BUNDLE_LOADER = "$(TEST_HOST)";
				FRAMEWORK_SEARCH_PATHS = (
					"$(SDKROOT)/Developer/Library/Frameworks",
					"$(inherited)",
				);
				INFOPLIST_FILE = PigeonTests/Info.plist;
				LD_RUNPATH_SEARCH_PATHS = "$(inherited) @executable_path/Frameworks @loader_path/Frameworks";
				PRODUCT_NAME = "$(TARGET_NAME)";
				TEST_HOST = "$(BUILT_PRODUCTS_DIR)/Pigeon.app/Pigeon";
			};
			name = Release;
		};
/* End XCBuildConfiguration section */

/* Begin XCConfigurationList section */
		CD12CA041AAEA5250039B27D /* Build configuration list for PBXProject "Pigeon" */ = {
			isa = XCConfigurationList;
			buildConfigurations = (
				CD12CA261AAEA5250039B27D /* Debug */,
				CD12CA271AAEA5250039B27D /* Release */,
			);
			defaultConfigurationIsVisible = 0;
			defaultConfigurationName = Release;
		};
		CD12CA281AAEA5250039B27D /* Build configuration list for PBXNativeTarget "Pigeon" */ = {
			isa = XCConfigurationList;
			buildConfigurations = (
				CD12CA291AAEA5250039B27D /* Debug */,
				CD12CA2A1AAEA5250039B27D /* Release */,
			);
			defaultConfigurationIsVisible = 0;
		};
		CD12CA2B1AAEA5250039B27D /* Build configuration list for PBXNativeTarget "PigeonTests" */ = {
			isa = XCConfigurationList;
			buildConfigurations = (
				CD12CA2C1AAEA5250039B27D /* Debug */,
				CD12CA2D1AAEA5250039B27D /* Release */,
			);
			defaultConfigurationIsVisible = 0;
		};
/* End XCConfigurationList section */
	};
	rootObject = CD12CA011AAEA5250039B27D /* Project object */;
}
